// !$*UTF8*$!
{
	archiveVersion = 1;
	classes = {
	};
	objectVersion = 46;
	objects = {

/* Begin PBXBuildFile section */
		85477C4E1C7A4946006B92D0 /* AppDelegate.swift in Sources */ = {isa = PBXBuildFile; fileRef = 85477C4D1C7A4946006B92D0 /* AppDelegate.swift */; };
		85477C501C7A4946006B92D0 /* FirstViewController.swift in Sources */ = {isa = PBXBuildFile; fileRef = 85477C4F1C7A4946006B92D0 /* FirstViewController.swift */; };
		85477C521C7A4946006B92D0 /* SecondViewController.swift in Sources */ = {isa = PBXBuildFile; fileRef = 85477C511C7A4946006B92D0 /* SecondViewController.swift */; };
		85477C551C7A4946006B92D0 /* Main.storyboard in Resources */ = {isa = PBXBuildFile; fileRef = 85477C531C7A4946006B92D0 /* Main.storyboard */; };
		85477C571C7A4946006B92D0 /* Assets.xcassets in Resources */ = {isa = PBXBuildFile; fileRef = 85477C561C7A4946006B92D0 /* Assets.xcassets */; };
		85477C5A1C7A4946006B92D0 /* LaunchScreen.storyboard in Resources */ = {isa = PBXBuildFile; fileRef = 85477C581C7A4946006B92D0 /* LaunchScreen.storyboard */; };
		85477C621C7A495B006B92D0 /* Review Icon.png in Resources */ = {isa = PBXBuildFile; fileRef = 85477C611C7A495B006B92D0 /* Review Icon.png */; };
		85477C641C7A49E0006B92D0 /* Review Icon_1x.png in Resources */ = {isa = PBXBuildFile; fileRef = 85477C631C7A49E0006B92D0 /* Review Icon_1x.png */; };
		85477C721C7A5885006B92D0 /* 1 Star Rating.png in Resources */ = {isa = PBXBuildFile; fileRef = 85477C711C7A5885006B92D0 /* 1 Star Rating.png */; };
		85477C771C7A7E14006B92D0 /* 2 Star Rating.png in Resources */ = {isa = PBXBuildFile; fileRef = 85477C731C7A7E14006B92D0 /* 2 Star Rating.png */; };
		85477C791C7A7E14006B92D0 /* 4 Star Rating.png in Resources */ = {isa = PBXBuildFile; fileRef = 85477C751C7A7E14006B92D0 /* 4 Star Rating.png */; };
		85477C7A1C7A7E14006B92D0 /* 5 Star Rating.png in Resources */ = {isa = PBXBuildFile; fileRef = 85477C761C7A7E14006B92D0 /* 5 Star Rating.png */; };
		85477C7C1C7A89C5006B92D0 /* 3 Star Rating.png in Resources */ = {isa = PBXBuildFile; fileRef = 85477C7B1C7A89C5006B92D0 /* 3 Star Rating.png */; };
		85477C801C7AECD9006B92D0 /* App Icon.png in Resources */ = {isa = PBXBuildFile; fileRef = 85477C7F1C7AECD9006B92D0 /* App Icon.png */; };
		85477C821C7AED25006B92D0 /* App Icon_3x.png in Resources */ = {isa = PBXBuildFile; fileRef = 85477C811C7AED25006B92D0 /* App Icon_3x.png */; };
		85477C841C7AEED4006B92D0 /* App Icon_0.5x.png in Resources */ = {isa = PBXBuildFile; fileRef = 85477C831C7AEED4006B92D0 /* App Icon_0.5x.png */; };
		85477C861C7AF203006B92D0 /* App Icon_6_3x.png in Resources */ = {isa = PBXBuildFile; fileRef = 85477C851C7AF203006B92D0 /* App Icon_6_3x.png */; };
/* End PBXBuildFile section */

/* Begin PBXFileReference section */
		85477C4A1C7A4946006B92D0 /* Tenant.app */ = {isa = PBXFileReference; explicitFileType = wrapper.application; includeInIndex = 0; path = Tenant.app; sourceTree = BUILT_PRODUCTS_DIR; };
		85477C4D1C7A4946006B92D0 /* AppDelegate.swift */ = {isa = PBXFileReference; lastKnownFileType = sourcecode.swift; path = AppDelegate.swift; sourceTree = "<group>"; };
		85477C4F1C7A4946006B92D0 /* FirstViewController.swift */ = {isa = PBXFileReference; lastKnownFileType = sourcecode.swift; path = FirstViewController.swift; sourceTree = "<group>"; };
		85477C511C7A4946006B92D0 /* SecondViewController.swift */ = {isa = PBXFileReference; lastKnownFileType = sourcecode.swift; path = SecondViewController.swift; sourceTree = "<group>"; };
		85477C541C7A4946006B92D0 /* Base */ = {isa = PBXFileReference; lastKnownFileType = file.storyboard; name = Base; path = Base.lproj/Main.storyboard; sourceTree = "<group>"; };
		85477C561C7A4946006B92D0 /* Assets.xcassets */ = {isa = PBXFileReference; lastKnownFileType = folder.assetcatalog; path = Assets.xcassets; sourceTree = "<group>"; };
		85477C591C7A4946006B92D0 /* Base */ = {isa = PBXFileReference; lastKnownFileType = file.storyboard; name = Base; path = Base.lproj/LaunchScreen.storyboard; sourceTree = "<group>"; };
		85477C5B1C7A4946006B92D0 /* Info.plist */ = {isa = PBXFileReference; lastKnownFileType = text.plist.xml; path = Info.plist; sourceTree = "<group>"; };
		85477C611C7A495B006B92D0 /* Review Icon.png */ = {isa = PBXFileReference; lastKnownFileType = image.png; path = "Review Icon.png"; sourceTree = "<group>"; };
		85477C631C7A49E0006B92D0 /* Review Icon_1x.png */ = {isa = PBXFileReference; lastKnownFileType = image.png; path = "Review Icon_1x.png"; sourceTree = "<group>"; };
		85477C711C7A5885006B92D0 /* 1 Star Rating.png */ = {isa = PBXFileReference; lastKnownFileType = image.png; name = "1 Star Rating.png"; path = "../../../assets/1 Star Rating.png"; sourceTree = "<group>"; };
		85477C731C7A7E14006B92D0 /* 2 Star Rating.png */ = {isa = PBXFileReference; lastKnownFileType = image.png; name = "2 Star Rating.png"; path = "../../../assets/2 Star Rating.png"; sourceTree = "<group>"; };
		85477C751C7A7E14006B92D0 /* 4 Star Rating.png */ = {isa = PBXFileReference; lastKnownFileType = image.png; name = "4 Star Rating.png"; path = "../../../assets/4 Star Rating.png"; sourceTree = "<group>"; };
		85477C761C7A7E14006B92D0 /* 5 Star Rating.png */ = {isa = PBXFileReference; lastKnownFileType = image.png; name = "5 Star Rating.png"; path = "../../../assets/5 Star Rating.png"; sourceTree = "<group>"; };
		85477C7B1C7A89C5006B92D0 /* 3 Star Rating.png */ = {isa = PBXFileReference; lastKnownFileType = image.png; name = "3 Star Rating.png"; path = "../../../assets/3 Star Rating.png"; sourceTree = "<group>"; };
		85477C7F1C7AECD9006B92D0 /* App Icon.png */ = {isa = PBXFileReference; lastKnownFileType = image.png; path = "App Icon.png"; sourceTree = "<group>"; };
		85477C811C7AED25006B92D0 /* App Icon_3x.png */ = {isa = PBXFileReference; lastKnownFileType = image.png; path = "App Icon_3x.png"; sourceTree = "<group>"; };
		85477C831C7AEED4006B92D0 /* App Icon_0.5x.png */ = {isa = PBXFileReference; lastKnownFileType = image.png; path = "App Icon_0.5x.png"; sourceTree = "<group>"; };
		85477C851C7AF203006B92D0 /* App Icon_6_3x.png */ = {isa = PBXFileReference; lastKnownFileType = image.png; path = "App Icon_6_3x.png"; sourceTree = "<group>"; };
/* End PBXFileReference section */

/* Begin PBXFrameworksBuildPhase section */
		85477C471C7A4946006B92D0 /* Frameworks */ = {
			isa = PBXFrameworksBuildPhase;
			buildActionMask = 2147483647;
			files = (
			);
			runOnlyForDeploymentPostprocessing = 0;
		};
/* End PBXFrameworksBuildPhase section */

/* Begin PBXGroup section */
		85477C411C7A4946006B92D0 = {
			isa = PBXGroup;
			children = (
				85477C4C1C7A4946006B92D0 /* Tenant */,
				85477C4B1C7A4946006B92D0 /* Products */,
			);
			sourceTree = "<group>";
		};
		85477C4B1C7A4946006B92D0 /* Products */ = {
			isa = PBXGroup;
			children = (
				85477C4A1C7A4946006B92D0 /* Tenant.app */,
			);
			name = Products;
			sourceTree = "<group>";
		};
		85477C4C1C7A4946006B92D0 /* Tenant */ = {
			isa = PBXGroup;
			children = (
				85477C4D1C7A4946006B92D0 /* AppDelegate.swift */,
				85477C4F1C7A4946006B92D0 /* FirstViewController.swift */,
				85477C511C7A4946006B92D0 /* SecondViewController.swift */,
				85477C531C7A4946006B92D0 /* Main.storyboard */,
				85477C561C7A4946006B92D0 /* Assets.xcassets */,
				85477C581C7A4946006B92D0 /* LaunchScreen.storyboard */,
				85477C631C7A49E0006B92D0 /* Review Icon_1x.png */,
				85477C611C7A495B006B92D0 /* Review Icon.png */,
				85477C5B1C7A4946006B92D0 /* Info.plist */,
				85477C711C7A5885006B92D0 /* 1 Star Rating.png */,
				85477C731C7A7E14006B92D0 /* 2 Star Rating.png */,
				85477C7B1C7A89C5006B92D0 /* 3 Star Rating.png */,
				85477C7F1C7AECD9006B92D0 /* App Icon.png */,
				85477C851C7AF203006B92D0 /* App Icon_6_3x.png */,
				85477C811C7AED25006B92D0 /* App Icon_3x.png */,
				85477C831C7AEED4006B92D0 /* App Icon_0.5x.png */,
				85477C751C7A7E14006B92D0 /* 4 Star Rating.png */,
				85477C761C7A7E14006B92D0 /* 5 Star Rating.png */,
			);
			path = Tenant;
			sourceTree = "<group>";
		};
/* End PBXGroup section */

/* Begin PBXNativeTarget section */
		85477C491C7A4946006B92D0 /* Tenant */ = {
			isa = PBXNativeTarget;
			buildConfigurationList = 85477C5E1C7A4946006B92D0 /* Build configuration list for PBXNativeTarget "Tenant" */;
			buildPhases = (
				85477C461C7A4946006B92D0 /* Sources */,
				85477C471C7A4946006B92D0 /* Frameworks */,
				85477C481C7A4946006B92D0 /* Resources */,
			);
			buildRules = (
			);
			dependencies = (
			);
			name = Tenant;
			productName = Tenant;
			productReference = 85477C4A1C7A4946006B92D0 /* Tenant.app */;
			productType = "com.apple.product-type.application";
		};
/* End PBXNativeTarget section */

/* Begin PBXProject section */
		85477C421C7A4946006B92D0 /* Project object */ = {
			isa = PBXProject;
			attributes = {
				LastSwiftUpdateCheck = 0720;
				LastUpgradeCheck = 0720;
				ORGANIZATIONNAME = Tenant;
				TargetAttributes = {
					85477C491C7A4946006B92D0 = {
						CreatedOnToolsVersion = 7.2;
					};
				};
			};
			buildConfigurationList = 85477C451C7A4946006B92D0 /* Build configuration list for PBXProject "Tenant" */;
			compatibilityVersion = "Xcode 3.2";
			developmentRegion = English;
			hasScannedForEncodings = 0;
			knownRegions = (
				en,
				Base,
			);
			mainGroup = 85477C411C7A4946006B92D0;
			productRefGroup = 85477C4B1C7A4946006B92D0 /* Products */;
			projectDirPath = "";
			projectRoot = "";
			targets = (
				85477C491C7A4946006B92D0 /* Tenant */,
			);
		};
/* End PBXProject section */

/* Begin PBXResourcesBuildPhase section */
		85477C481C7A4946006B92D0 /* Resources */ = {
			isa = PBXResourcesBuildPhase;
			buildActionMask = 2147483647;
			files = (
				85477C841C7AEED4006B92D0 /* App Icon_0.5x.png in Resources */,
				85477C791C7A7E14006B92D0 /* 4 Star Rating.png in Resources */,
				85477C721C7A5885006B92D0 /* 1 Star Rating.png in Resources */,
				85477C861C7AF203006B92D0 /* App Icon_6_3x.png in Resources */,
				85477C5A1C7A4946006B92D0 /* LaunchScreen.storyboard in Resources */,
				85477C641C7A49E0006B92D0 /* Review Icon_1x.png in Resources */,
				85477C7C1C7A89C5006B92D0 /* 3 Star Rating.png in Resources */,
				85477C621C7A495B006B92D0 /* Review Icon.png in Resources */,
				85477C801C7AECD9006B92D0 /* App Icon.png in Resources */,
				85477C771C7A7E14006B92D0 /* 2 Star Rating.png in Resources */,
				85477C571C7A4946006B92D0 /* Assets.xcassets in Resources */,
				85477C7A1C7A7E14006B92D0 /* 5 Star Rating.png in Resources */,
				85477C821C7AED25006B92D0 /* App Icon_3x.png in Resources */,
				85477C551C7A4946006B92D0 /* Main.storyboard in Resources */,
			);
			runOnlyForDeploymentPostprocessing = 0;
		};
/* End PBXResourcesBuildPhase section */

/* Begin PBXSourcesBuildPhase section */
		85477C461C7A4946006B92D0 /* Sources */ = {
			isa = PBXSourcesBuildPhase;
			buildActionMask = 2147483647;
			files = (
				85477C521C7A4946006B92D0 /* SecondViewController.swift in Sources */,
				85477C4E1C7A4946006B92D0 /* AppDelegate.swift in Sources */,
				85477C501C7A4946006B92D0 /* FirstViewController.swift in Sources */,
			);
			runOnlyForDeploymentPostprocessing = 0;
		};
/* End PBXSourcesBuildPhase section */

/* Begin PBXVariantGroup section */
		85477C531C7A4946006B92D0 /* Main.storyboard */ = {
			isa = PBXVariantGroup;
			children = (
				85477C541C7A4946006B92D0 /* Base */,
			);
			name = Main.storyboard;
			sourceTree = "<group>";
		};
		85477C581C7A4946006B92D0 /* LaunchScreen.storyboard */ = {
			isa = PBXVariantGroup;
			children = (
				85477C591C7A4946006B92D0 /* Base */,
			);
			name = LaunchScreen.storyboard;
			sourceTree = "<group>";
		};
/* End PBXVariantGroup section */

/* Begin XCBuildConfiguration section */
		85477C5C1C7A4946006B92D0 /* Debug */ = {
			isa = XCBuildConfiguration;
			buildSettings = {
				ALWAYS_SEARCH_USER_PATHS = NO;
				CLANG_CXX_LANGUAGE_STANDARD = "gnu++0x";
				CLANG_CXX_LIBRARY = "libc++";
				CLANG_ENABLE_MODULES = YES;
				CLANG_ENABLE_OBJC_ARC = YES;
				CLANG_WARN_BOOL_CONVERSION = YES;
				CLANG_WARN_CONSTANT_CONVERSION = YES;
				CLANG_WARN_DIRECT_OBJC_ISA_USAGE = YES_ERROR;
				CLANG_WARN_EMPTY_BODY = YES;
				CLANG_WARN_ENUM_CONVERSION = YES;
				CLANG_WARN_INT_CONVERSION = YES;
				CLANG_WARN_OBJC_ROOT_CLASS = YES_ERROR;
				CLANG_WARN_UNREACHABLE_CODE = YES;
				CLANG_WARN__DUPLICATE_METHOD_MATCH = YES;
				"CODE_SIGN_IDENTITY[sdk=iphoneos*]" = "iPhone Developer";
				COPY_PHASE_STRIP = NO;
				DEBUG_INFORMATION_FORMAT = dwarf;
				ENABLE_STRICT_OBJC_MSGSEND = YES;
				ENABLE_TESTABILITY = YES;
				GCC_C_LANGUAGE_STANDARD = gnu99;
				GCC_DYNAMIC_NO_PIC = NO;
				GCC_NO_COMMON_BLOCKS = YES;
				GCC_OPTIMIZATION_LEVEL = 0;
				GCC_PREPROCESSOR_DEFINITIONS = (
					"DEBUG=1",
					"$(inherited)",
				);
				GCC_WARN_64_TO_32_BIT_CONVERSION = YES;
				GCC_WARN_ABOUT_RETURN_TYPE = YES_ERROR;
				GCC_WARN_UNDECLARED_SELECTOR = YES;
				GCC_WARN_UNINITIALIZED_AUTOS = YES_AGGRESSIVE;
				GCC_WARN_UNUSED_FUNCTION = YES;
				GCC_WARN_UNUSED_VARIABLE = YES;
				IPHONEOS_DEPLOYMENT_TARGET = 9.2;
				MTL_ENABLE_DEBUG_INFO = YES;
				ONLY_ACTIVE_ARCH = YES;
				SDKROOT = iphoneos;
				SWIFT_OPTIMIZATION_LEVEL = "-Onone";
			};
			name = Debug;
		};
		85477C5D1C7A4946006B92D0 /* Release */ = {
			isa = XCBuildConfiguration;
			buildSettings = {
				ALWAYS_SEARCH_USER_PATHS = NO;
				CLANG_CXX_LANGUAGE_STANDARD = "gnu++0x";
				CLANG_CXX_LIBRARY = "libc++";
				CLANG_ENABLE_MODULES = YES;
				CLANG_ENABLE_OBJC_ARC = YES;
				CLANG_WARN_BOOL_CONVERSION = YES;
				CLANG_WARN_CONSTANT_CONVERSION = YES;
				CLANG_WARN_DIRECT_OBJC_ISA_USAGE = YES_ERROR;
				CLANG_WARN_EMPTY_BODY = YES;
				CLANG_WARN_ENUM_CONVERSION = YES;
				CLANG_WARN_INT_CONVERSION = YES;
				CLANG_WARN_OBJC_ROOT_CLASS = YES_ERROR;
				CLANG_WARN_UNREACHABLE_CODE = YES;
				CLANG_WARN__DUPLICATE_METHOD_MATCH = YES;
				"CODE_SIGN_IDENTITY[sdk=iphoneos*]" = "iPhone Developer";
				COPY_PHASE_STRIP = NO;
				DEBUG_INFORMATION_FORMAT = "dwarf-with-dsym";
				ENABLE_NS_ASSERTIONS = NO;
				ENABLE_STRICT_OBJC_MSGSEND = YES;
				GCC_C_LANGUAGE_STANDARD = gnu99;
				GCC_NO_COMMON_BLOCKS = YES;
				GCC_WARN_64_TO_32_BIT_CONVERSION = YES;
				GCC_WARN_ABOUT_RETURN_TYPE = YES_ERROR;
				GCC_WARN_UNDECLARED_SELECTOR = YES;
				GCC_WARN_UNINITIALIZED_AUTOS = YES_AGGRESSIVE;
				GCC_WARN_UNUSED_FUNCTION = YES;
				GCC_WARN_UNUSED_VARIABLE = YES;
				IPHONEOS_DEPLOYMENT_TARGET = 9.2;
				MTL_ENABLE_DEBUG_INFO = NO;
				SDKROOT = iphoneos;
				VALIDATE_PRODUCT = YES;
			};
			name = Release;
		};
		85477C5F1C7A4946006B92D0 /* Debug */ = {
			isa = XCBuildConfiguration;
			buildSettings = {
				ASSETCATALOG_COMPILER_APPICON_NAME = AppIcon;
				INFOPLIST_FILE = Tenant/Info.plist;
				LD_RUNPATH_SEARCH_PATHS = "$(inherited) @executable_path/Frameworks";
				PRODUCT_BUNDLE_IDENTIFIER = com.tenant.Tenant;
				PRODUCT_NAME = "$(TARGET_NAME)";
			};
			name = Debug;
		};
		85477C601C7A4946006B92D0 /* Release */ = {
			isa = XCBuildConfiguration;
			buildSettings = {
				ASSETCATALOG_COMPILER_APPICON_NAME = AppIcon;
				INFOPLIST_FILE = Tenant/Info.plist;
				LD_RUNPATH_SEARCH_PATHS = "$(inherited) @executable_path/Frameworks";
				PRODUCT_BUNDLE_IDENTIFIER = com.tenant.Tenant;
				PRODUCT_NAME = "$(TARGET_NAME)";
			};
			name = Release;
		};
/* End XCBuildConfiguration section */

/* Begin XCConfigurationList section */
		85477C451C7A4946006B92D0 /* Build configuration list for PBXProject "Tenant" */ = {
			isa = XCConfigurationList;
			buildConfigurations = (
				85477C5C1C7A4946006B92D0 /* Debug */,
				85477C5D1C7A4946006B92D0 /* Release */,
			);
			defaultConfigurationIsVisible = 0;
			defaultConfigurationName = Release;
		};
		85477C5E1C7A4946006B92D0 /* Build configuration list for PBXNativeTarget "Tenant" */ = {
			isa = XCConfigurationList;
			buildConfigurations = (
				85477C5F1C7A4946006B92D0 /* Debug */,
				85477C601C7A4946006B92D0 /* Release */,
			);
			defaultConfigurationIsVisible = 0;
		};
/* End XCConfigurationList section */
	};
	rootObject = 85477C421C7A4946006B92D0 /* Project object */;
}
